// !$*UTF8*$!
{
	archiveVersion = 1;
	classes = {
	};
	objectVersion = 50;
	objects = {

/* Begin PBXBuildFile section */
		3F3D11952CFE9F9B009DEDDE /* AppDelegate.swift in Sources */ = {isa = PBXBuildFile; fileRef = 3F3D11942CFE9F9B009DEDDE /* AppDelegate.swift */; };
		3F3D11972CFE9F9B009DEDDE /* SceneDelegate.swift in Sources */ = {isa = PBXBuildFile; fileRef = 3F3D11962CFE9F9B009DEDDE /* SceneDelegate.swift */; };
		3F3D11992CFE9F9B009DEDDE /* ViewController.swift in Sources */ = {isa = PBXBuildFile; fileRef = 3F3D11982CFE9F9B009DEDDE /* ViewController.swift */; };
		3F3D119C2CFE9F9B009DEDDE /* Main.storyboard in Resources */ = {isa = PBXBuildFile; fileRef = 3F3D119A2CFE9F9B009DEDDE /* Main.storyboard */; };
		3F3D119E2CFE9F9C009DEDDE /* Assets.xcassets in Resources */ = {isa = PBXBuildFile; fileRef = 3F3D119D2CFE9F9C009DEDDE /* Assets.xcassets */; };
		3F3D11A12CFE9F9C009DEDDE /* LaunchScreen.storyboard in Resources */ = {isa = PBXBuildFile; fileRef = 3F3D119F2CFE9F9C009DEDDE /* LaunchScreen.storyboard */; };
/* End PBXBuildFile section */

/* Begin PBXFileReference section */
		3F3D11912CFE9F9B009DEDDE /* TEST.app */ = {isa = PBXFileReference; explicitFileType = wrapper.application; includeInIndex = 0; path = TEST.app; sourceTree = BUILT_PRODUCTS_DIR; };
		3F3D11942CFE9F9B009DEDDE /* AppDelegate.swift */ = {isa = PBXFileReference; lastKnownFileType = sourcecode.swift; path = AppDelegate.swift; sourceTree = "<group>"; };
		3F3D11962CFE9F9B009DEDDE /* SceneDelegate.swift */ = {isa = PBXFileReference; lastKnownFileType = sourcecode.swift; path = SceneDelegate.swift; sourceTree = "<group>"; };
		3F3D11982CFE9F9B009DEDDE /* ViewController.swift */ = {isa = PBXFileReference; lastKnownFileType = sourcecode.swift; path = ViewController.swift; sourceTree = "<group>"; };
		3F3D119B2CFE9F9B009DEDDE /* Base */ = {isa = PBXFileReference; lastKnownFileType = file.storyboard; name = Base; path = Base.lproj/Main.storyboard; sourceTree = "<group>"; };
		3F3D119D2CFE9F9C009DEDDE /* Assets.xcassets */ = {isa = PBXFileReference; lastKnownFileType = folder.assetcatalog; path = Assets.xcassets; sourceTree = "<group>"; };
		3F3D11A02CFE9F9C009DEDDE /* Base */ = {isa = PBXFileReference; lastKnownFileType = file.storyboard; name = Base; path = Base.lproj/LaunchScreen.storyboard; sourceTree = "<group>"; };
		3F3D11A22CFE9F9C009DEDDE /* Info.plist */ = {isa = PBXFileReference; lastKnownFileType = text.plist.xml; path = Info.plist; sourceTree = "<group>"; };
/* End PBXFileReference section */

/* Begin PBXFrameworksBuildPhase section */
		3F3D118E2CFE9F9B009DEDDE /* Frameworks */ = {
			isa = PBXFrameworksBuildPhase;
			buildActionMask = 2147483647;
			files = (
			);
			runOnlyForDeploymentPostprocessing = 0;
		};
/* End PBXFrameworksBuildPhase section */

/* Begin PBXGroup section */
		3F3D11882CFE9F9B009DEDDE = {
			isa = PBXGroup;
			children = (
				3F3D11932CFE9F9B009DEDDE /* TEST */,
				3F3D11922CFE9F9B009DEDDE /* Products */,
			);
			sourceTree = "<group>";
		};
		3F3D11922CFE9F9B009DEDDE /* Products */ = {
			isa = PBXGroup;
			children = (
				3F3D11912CFE9F9B009DEDDE /* TEST.app */,
			);
			name = Products;
			sourceTree = "<group>";
		};
		3F3D11932CFE9F9B009DEDDE /* TEST */ = {
			isa = PBXGroup;
			children = (
				3F3D11942CFE9F9B009DEDDE /* AppDelegate.swift */,
				3F3D11962CFE9F9B009DEDDE /* SceneDelegate.swift */,
				3F3D11982CFE9F9B009DEDDE /* ViewController.swift */,
				3F3D119A2CFE9F9B009DEDDE /* Main.storyboard */,
				3F3D119D2CFE9F9C009DEDDE /* Assets.xcassets */,
				3F3D119F2CFE9F9C009DEDDE /* LaunchScreen.storyboard */,
				3F3D11A22CFE9F9C009DEDDE /* Info.plist */,
			);
			path = TEST;
			sourceTree = "<group>";
		};
/* End PBXGroup section */

/* Begin PBXNativeTarget section */
		3F3D11902CFE9F9B009DEDDE /* TEST */ = {
			isa = PBXNativeTarget;
			buildConfigurationList = 3F3D11A52CFE9F9C009DEDDE /* Build configuration list for PBXNativeTarget "TEST" */;
			buildPhases = (
				3F3D118D2CFE9F9B009DEDDE /* Sources */,
				3F3D118E2CFE9F9B009DEDDE /* Frameworks */,
				3F3D118F2CFE9F9B009DEDDE /* Resources */,
			);
			buildRules = (
			);
			dependencies = (
			);
			name = TEST;
			productName = TEST;
			productReference = 3F3D11912CFE9F9B009DEDDE /* TEST.app */;
			productType = "com.apple.product-type.application";
		};
/* End PBXNativeTarget section */

/* Begin PBXProject section */
		3F3D11892CFE9F9B009DEDDE /* Project object */ = {
			isa = PBXProject;
			attributes = {
				LastSwiftUpdateCheck = 1240;
				LastUpgradeCheck = 1240;
				TargetAttributes = {
					3F3D11902CFE9F9B009DEDDE = {
						CreatedOnToolsVersion = 12.4;
					};
				};
			};
			buildConfigurationList = 3F3D118C2CFE9F9B009DEDDE /* Build configuration list for PBXProject "TEST" */;
			compatibilityVersion = "Xcode 9.3";
			developmentRegion = en;
			hasScannedForEncodings = 0;
			knownRegions = (
				en,
				Base,
			);
			mainGroup = 3F3D11882CFE9F9B009DEDDE;
			productRefGroup = 3F3D11922CFE9F9B009DEDDE /* Products */;
			projectDirPath = "";
			projectRoot = "";
			targets = (
				3F3D11902CFE9F9B009DEDDE /* TEST */,
			);
		};
/* End PBXProject section */

/* Begin PBXResourcesBuildPhase section */
		3F3D118F2CFE9F9B009DEDDE /* Resources */ = {
			isa = PBXResourcesBuildPhase;
			buildActionMask = 2147483647;
			files = (
				3F3D11A12CFE9F9C009DEDDE /* LaunchScreen.storyboard in Resources */,
				3F3D119E2CFE9F9C009DEDDE /* Assets.xcassets in Resources */,
				3F3D119C2CFE9F9B009DEDDE /* Main.storyboard in Resources */,
			);
			runOnlyForDeploymentPostprocessing = 0;
		};
/* End PBXResourcesBuildPhase section */

/* Begin PBXSourcesBuildPhase section */
		3F3D118D2CFE9F9B009DEDDE /* Sources */ = {
			isa = PBXSourcesBuildPhase;
			buildActionMask = 2147483647;
			files = (
				3F3D11992CFE9F9B009DEDDE /* ViewController.swift in Sources */,
				3F3D11952CFE9F9B009DEDDE /* AppDelegate.swift in Sources */,
				3F3D11972CFE9F9B009DEDDE /* SceneDelegate.swift in Sources */,
			);
			runOnlyForDeploymentPostprocessing = 0;
		};
/* End PBXSourcesBuildPhase section */

/* Begin PBXVariantGroup section */
		3F3D119A2CFE9F9B009DEDDE /* Main.storyboard */ = {
			isa = PBXVariantGroup;
			children = (
				3F3D119B2CFE9F9B009DEDDE /* Base */,
			);
			name = Main.storyboard;
			sourceTree = "<group>";
		};
		3F3D119F2CFE9F9C009DEDDE /* LaunchScreen.storyboard */ = {
			isa = PBXVariantGroup;
			children = (
				3F3D11A02CFE9F9C009DEDDE /* Base */,
			);
			name = LaunchScreen.storyboard;
			sourceTree = "<group>";
		};
/* End PBXVariantGroup section */

/* Begin XCBuildConfiguration section */
		3F3D11A32CFE9F9C009DEDDE /* Debug */ = {
			isa = XCBuildConfiguration;
			buildSettings = {
				ALWAYS_SEARCH_USER_PATHS = NO;
				CLANG_ANALYZER_NONNULL = YES;
				CLANG_ANALYZER_NUMBER_OBJECT_CONVERSION = YES_AGGRESSIVE;
				CLANG_CXX_LANGUAGE_STANDARD = "gnu++14";
				CLANG_CXX_LIBRARY = "libc++";
				CLANG_ENABLE_MODULES = YES;
				CLANG_ENABLE_OBJC_ARC = YES;
				CLANG_ENABLE_OBJC_WEAK = YES;
				CLANG_WARN_BLOCK_CAPTURE_AUTORELEASING = YES;
				CLANG_WARN_BOOL_CONVERSION = YES;
				CLANG_WARN_COMMA = YES;
				CLANG_WARN_CONSTANT_CONVERSION = YES;
				CLANG_WARN_DEPRECATED_OBJC_IMPLEMENTATIONS = YES;
				CLANG_WARN_DIRECT_OBJC_ISA_USAGE = YES_ERROR;
				CLANG_WARN_DOCUMENTATION_COMMENTS = YES;
				CLANG_WARN_EMPTY_BODY = YES;
				CLANG_WARN_ENUM_CONVERSION = YES;
				CLANG_WARN_INFINITE_RECURSION = YES;
				CLANG_WARN_INT_CONVERSION = YES;
				CLANG_WARN_NON_LITERAL_NULL_CONVERSION = YES;
				CLANG_WARN_OBJC_IMPLICIT_RETAIN_SELF = YES;
				CLANG_WARN_OBJC_LITERAL_CONVERSION = YES;
				CLANG_WARN_OBJC_ROOT_CLASS = YES_ERROR;
				CLANG_WARN_QUOTED_INCLUDE_IN_FRAMEWORK_HEADER = YES;
				CLANG_WARN_RANGE_LOOP_ANALYSIS = YES;
				CLANG_WARN_STRICT_PROTOTYPES = YES;
				CLANG_WARN_SUSPICIOUS_MOVE = YES;
				CLANG_WARN_UNGUARDED_AVAILABILITY = YES_AGGRESSIVE;
				CLANG_WARN_UNREACHABLE_CODE = YES;
				CLANG_WARN__DUPLICATE_METHOD_MATCH = YES;
				COPY_PHASE_STRIP = NO;
				DEBUG_INFORMATION_FORMAT = dwarf;
				ENABLE_STRICT_OBJC_MSGSEND = YES;
				ENABLE_TESTABILITY = YES;
				GCC_C_LANGUAGE_STANDARD = gnu11;
				GCC_DYNAMIC_NO_PIC = NO;
				GCC_NO_COMMON_BLOCKS = YES;
				GCC_OPTIMIZATION_LEVEL = 0;
				GCC_PREPROCESSOR_DEFINITIONS = (
					"DEBUG=1",
					"$(inherited)",
				);
				GCC_WARN_64_TO_32_BIT_CONVERSION = YES;
				GCC_WARN_ABOUT_RETURN_TYPE = YES_ERROR;
				GCC_WARN_UNDECLARED_SELECTOR = YES;
				GCC_WARN_UNINITIALIZED_AUTOS = YES_AGGRESSIVE;
				GCC_WARN_UNUSED_FUNCTION = YES;
				GCC_WARN_UNUSED_VARIABLE = YES;
				IPHONEOS_DEPLOYMENT_TARGET = 14.4;
				MTL_ENABLE_DEBUG_INFO = INCLUDE_SOURCE;
				MTL_FAST_MATH = YES;
				ONLY_ACTIVE_ARCH = YES;
				SDKROOT = iphoneos;
				SWIFT_ACTIVE_COMPILATION_CONDITIONS = DEBUG;
				SWIFT_OPTIMIZATION_LEVEL = "-Onone";
			};
			name = Debug;
		};
		3F3D11A42CFE9F9C009DEDDE /* Release */ = {
			isa = XCBuildConfiguration;
			buildSettings = {
				ALWAYS_SEARCH_USER_PATHS = NO;
				CLANG_ANALYZER_NONNULL = YES;
				CLANG_ANALYZER_NUMBER_OBJECT_CONVERSION = YES_AGGRESSIVE;
				CLANG_CXX_LANGUAGE_STANDARD = "gnu++14";
				CLANG_CXX_LIBRARY = "libc++";
				CLANG_ENABLE_MODULES = YES;
				CLANG_ENABLE_OBJC_ARC = YES;
				CLANG_ENABLE_OBJC_WEAK = YES;
				CLANG_WARN_BLOCK_CAPTURE_AUTORELEASING = YES;
				CLANG_WARN_BOOL_CONVERSION = YES;
				CLANG_WARN_COMMA = YES;
				CLANG_WARN_CONSTANT_CONVERSION = YES;
				CLANG_WARN_DEPRECATED_OBJC_IMPLEMENTATIONS = YES;
				CLANG_WARN_DIRECT_OBJC_ISA_USAGE = YES_ERROR;
				CLANG_WARN_DOCUMENTATION_COMMENTS = YES;
				CLANG_WARN_EMPTY_BODY = YES;
				CLANG_WARN_ENUM_CONVERSION = YES;
				CLANG_WARN_INFINITE_RECURSION = YES;
				CLANG_WARN_INT_CONVERSION = YES;
				CLANG_WARN_NON_LITERAL_NULL_CONVERSION = YES;
				CLANG_WARN_OBJC_IMPLICIT_RETAIN_SELF = YES;
				CLANG_WARN_OBJC_LITERAL_CONVERSION = YES;
				CLANG_WARN_OBJC_ROOT_CLASS = YES_ERROR;
				CLANG_WARN_QUOTED_INCLUDE_IN_FRAMEWORK_HEADER = YES;
				CLANG_WARN_RANGE_LOOP_ANALYSIS = YES;
				CLANG_WARN_STRICT_PROTOTYPES = YES;
				CLANG_WARN_SUSPICIOUS_MOVE = YES;
				CLANG_WARN_UNGUARDED_AVAILABILITY = YES_AGGRESSIVE;
				CLANG_WARN_UNREACHABLE_CODE = YES;
				CLANG_WARN__DUPLICATE_METHOD_MATCH = YES;
				COPY_PHASE_STRIP = NO;
				DEBUG_INFORMATION_FORMAT = "dwarf-with-dsym";
				ENABLE_NS_ASSERTIONS = NO;
				ENABLE_STRICT_OBJC_MSGSEND = YES;
				GCC_C_LANGUAGE_STANDARD = gnu11;
				GCC_NO_COMMON_BLOCKS = YES;
				GCC_WARN_64_TO_32_BIT_CONVERSION = YES;
				GCC_WARN_ABOUT_RETURN_TYPE = YES_ERROR;
				GCC_WARN_UNDECLARED_SELECTOR = YES;
				GCC_WARN_UNINITIALIZED_AUTOS = YES_AGGRESSIVE;
				GCC_WARN_UNUSED_FUNCTION = YES;
				GCC_WARN_UNUSED_VARIABLE = YES;
				IPHONEOS_DEPLOYMENT_TARGET = 14.4;
				MTL_ENABLE_DEBUG_INFO = NO;
				MTL_FAST_MATH = YES;
				SDKROOT = iphoneos;
				SWIFT_COMPILATION_MODE = wholemodule;
				SWIFT_OPTIMIZATION_LEVEL = "-O";
				VALIDATE_PRODUCT = YES;
			};
			name = Release;
		};
		3F3D11A62CFE9F9C009DEDDE /* Debug */ = {
			isa = XCBuildConfiguration;
			buildSettings = {
				ASSETCATALOG_COMPILER_APPICON_NAME = AppIcon;
				ASSETCATALOG_COMPILER_GLOBAL_ACCENT_COLOR_NAME = AccentColor;
				CODE_SIGN_STYLE = Automatic;
				INFOPLIST_FILE = TEST/Info.plist;
				LD_RUNPATH_SEARCH_PATHS = (
					"$(inherited)",
					"@executable_path/Frameworks",
				);
				PRODUCT_BUNDLE_IDENTIFIER = QBHX.TEST;
				PRODUCT_NAME = "$(TARGET_NAME)";
				SWIFT_VERSION = 5.0;
				TARGETED_DEVICE_FAMILY = "1,2";
			};
			name = Debug;
		};
		3F3D11A72CFE9F9C009DEDDE /* Release */ = {
			isa = XCBuildConfiguration;
			buildSettings = {
				ASSETCATALOG_COMPILER_APPICON_NAME = AppIcon;
				ASSETCATALOG_COMPILER_GLOBAL_ACCENT_COLOR_NAME = AccentColor;
				CODE_SIGN_STYLE = Automatic;
				INFOPLIST_FILE = TEST/Info.plist;
				LD_RUNPATH_SEARCH_PATHS = (
					"$(inherited)",
					"@executable_path/Frameworks",
				);
				PRODUCT_BUNDLE_IDENTIFIER = QBHX.TEST;
				PRODUCT_NAME = "$(TARGET_NAME)";
				SWIFT_VERSION = 5.0;
				TARGETED_DEVICE_FAMILY = "1,2";
			};
			name = Release;
		};
/* End XCBuildConfiguration section */

/* Begin XCConfigurationList section */
		3F3D118C2CFE9F9B009DEDDE /* Build configuration list for PBXProject "TEST" */ = {
			isa = XCConfigurationList;
			buildConfigurations = (
				3F3D11A32CFE9F9C009DEDDE /* Debug */,
				3F3D11A42CFE9F9C009DEDDE /* Release */,
			);
			defaultConfigurationIsVisible = 0;
			defaultConfigurationName = Release;
		};
		3F3D11A52CFE9F9C009DEDDE /* Build configuration list for PBXNativeTarget "TEST" */ = {
			isa = XCConfigurationList;
			buildConfigurations = (
				3F3D11A62CFE9F9C009DEDDE /* Debug */,
				3F3D11A72CFE9F9C009DEDDE /* Release */,
			);
			defaultConfigurationIsVisible = 0;
			defaultConfigurationName = Release;
		};
/* End XCConfigurationList section */
	};
	rootObject = 3F3D11892CFE9F9B009DEDDE /* Project object */;
}
